
Microsoft Visual Studio Solution File, Format Version 12.00
# Visual Studio Version 16
VisualStudioVersion = 16.0.29102.190
MinimumVisualStudioVersion = 10.0.40219.1
Project("{FAE04EC0-301F-11D3-BF4B-00C04F79EFBC}") = "principal", "principal\principal.csproj", "{9D45D352-6720-4402-B9FD-C766A52FA6C1}"
EndProject
Project("{FAE04EC0-301F-11D3-BF4B-00C04F79EFBC}") = "Persona", "Persona\Persona.csproj", "{566FFA42-8D2C-47DE-99E9-B86F351E688C}"
EndProject
Global
	GlobalSection(SolutionConfigurationPlatforms) = preSolution
		Debug|Any CPU = Debug|Any CPU
		Release|Any CPU = Release|Any CPU
	EndGlobalSection
	GlobalSection(ProjectConfigurationPlatforms) = postSolution
		{9D45D352-6720-4402-B9FD-C766A52FA6C1}.Debug|Any CPU.ActiveCfg = Debug|Any CPU
		{9D45D352-6720-4402-B9FD-C766A52FA6C1}.Debug|Any CPU.Build.0 = Debug|Any CPU
		{9D45D352-6720-4402-B9FD-C766A52FA6C1}.Release|Any CPU.ActiveCfg = Release|Any CPU
		{9D45D352-6720-4402-B9FD-C766A52FA6C1}.Release|Any CPU.Build.0 = Release|Any CPU
		{566FFA42-8D2C-47DE-99E9-B86F351E688C}.Debug|Any CPU.ActiveCfg = Debug|Any CPU
		{566FFA42-8D2C-47DE-99E9-B86F351E688C}.Debug|Any CPU.Build.0 = Debug|Any CPU
		{566FFA42-8D2C-47DE-99E9-B86F351E688C}.Release|Any CPU.ActiveCfg = Release|Any CPU
		{566FFA42-8D2C-47DE-99E9-B86F351E688C}.Release|Any CPU.Build.0 = Release|Any CPU
	EndGlobalSection
	GlobalSection(SolutionProperties) = preSolution
		HideSolutionNode = FALSE
	EndGlobalSection
	GlobalSection(ExtensibilityGlobals) = postSolution
		SolutionGuid = {A6BE2605-1D6C-497A-BB0E-D3E020C93942}
	EndGlobalSection
EndGlobal
